// !$*UTF8*$!
{
	archiveVersion = 1;
	classes = {
	};
	objectVersion = 50;
	objects = {

/* Begin PBXBuildFile section */
		0731966F21F11E7000FB22C4 /* EmojiArtTableViewController.swift in Sources */ = {isa = PBXBuildFile; fileRef = 0731966E21F11E7000FB22C4 /* EmojiArtTableViewController.swift */; };
		0731967221F1217300FB22C4 /* StringArrayExtensions.swift in Sources */ = {isa = PBXBuildFile; fileRef = 0731967121F1217300FB22C4 /* StringArrayExtensions.swift */; };
		0742A3D421EE7DE900E32634 /* EmojiArtViewController.swift in Sources */ = {isa = PBXBuildFile; fileRef = 0742A3D321EE7DE900E32634 /* EmojiArtViewController.swift */; };
		0742A3D721EE7E9D00E32634 /* EmojiArtView.swift in Sources */ = {isa = PBXBuildFile; fileRef = 0742A3D621EE7E9D00E32634 /* EmojiArtView.swift */; };
		0742A3DB21EE829200E32634 /* ImageFetcher.swift in Sources */ = {isa = PBXBuildFile; fileRef = 0742A3DA21EE829200E32634 /* ImageFetcher.swift */; };
		07CE272F21EE7D290039F921 /* AppDelegate.swift in Sources */ = {isa = PBXBuildFile; fileRef = 07CE272E21EE7D290039F921 /* AppDelegate.swift */; };
		07CE273421EE7D290039F921 /* Main.storyboard in Resources */ = {isa = PBXBuildFile; fileRef = 07CE273221EE7D290039F921 /* Main.storyboard */; };
		07CE273621EE7D2B0039F921 /* Assets.xcassets in Resources */ = {isa = PBXBuildFile; fileRef = 07CE273521EE7D2B0039F921 /* Assets.xcassets */; };
		07CE273921EE7D2B0039F921 /* LaunchScreen.storyboard in Resources */ = {isa = PBXBuildFile; fileRef = 07CE273721EE7D2B0039F921 /* LaunchScreen.storyboard */; };
		07CE274421EE7D2B0039F921 /* Emoji_ArtTests.swift in Sources */ = {isa = PBXBuildFile; fileRef = 07CE274321EE7D2B0039F921 /* Emoji_ArtTests.swift */; };
		07CE274F21EE7D2B0039F921 /* Emoji_ArtUITests.swift in Sources */ = {isa = PBXBuildFile; fileRef = 07CE274E21EE7D2B0039F921 /* Emoji_ArtUITests.swift */; };
/* End PBXBuildFile section */

/* Begin PBXContainerItemProxy section */
		07CE274021EE7D2B0039F921 /* PBXContainerItemProxy */ = {
			isa = PBXContainerItemProxy;
			containerPortal = 07CE272321EE7D290039F921 /* Project object */;
			proxyType = 1;
			remoteGlobalIDString = 07CE272A21EE7D290039F921;
			remoteInfo = "Emoji Art";
		};
		07CE274B21EE7D2B0039F921 /* PBXContainerItemProxy */ = {
			isa = PBXContainerItemProxy;
			containerPortal = 07CE272321EE7D290039F921 /* Project object */;
			proxyType = 1;
			remoteGlobalIDString = 07CE272A21EE7D290039F921;
			remoteInfo = "Emoji Art";
		};
/* End PBXContainerItemProxy section */

/* Begin PBXFileReference section */
		0731966E21F11E7000FB22C4 /* EmojiArtTableViewController.swift */ = {isa = PBXFileReference; lastKnownFileType = sourcecode.swift; path = EmojiArtTableViewController.swift; sourceTree = "<group>"; };
		0731967121F1217300FB22C4 /* StringArrayExtensions.swift */ = {isa = PBXFileReference; lastKnownFileType = sourcecode.swift; path = StringArrayExtensions.swift; sourceTree = "<group>"; };
		0742A3D321EE7DE900E32634 /* EmojiArtViewController.swift */ = {isa = PBXFileReference; lastKnownFileType = sourcecode.swift; path = EmojiArtViewController.swift; sourceTree = "<group>"; };
		0742A3D621EE7E9D00E32634 /* EmojiArtView.swift */ = {isa = PBXFileReference; lastKnownFileType = sourcecode.swift; path = EmojiArtView.swift; sourceTree = "<group>"; };
		0742A3DA21EE829200E32634 /* ImageFetcher.swift */ = {isa = PBXFileReference; lastKnownFileType = sourcecode.swift; path = ImageFetcher.swift; sourceTree = "<group>"; };
		07CE272B21EE7D290039F921 /* Emoji Art.app */ = {isa = PBXFileReference; explicitFileType = wrapper.application; includeInIndex = 0; path = "Emoji Art.app"; sourceTree = BUILT_PRODUCTS_DIR; };
		07CE272E21EE7D290039F921 /* AppDelegate.swift */ = {isa = PBXFileReference; lastKnownFileType = sourcecode.swift; path = AppDelegate.swift; sourceTree = "<group>"; };
		07CE273321EE7D290039F921 /* Base */ = {isa = PBXFileReference; lastKnownFileType = file.storyboard; name = Base; path = Base.lproj/Main.storyboard; sourceTree = "<group>"; };
		07CE273521EE7D2B0039F921 /* Assets.xcassets */ = {isa = PBXFileReference; lastKnownFileType = folder.assetcatalog; path = Assets.xcassets; sourceTree = "<group>"; };
		07CE273821EE7D2B0039F921 /* Base */ = {isa = PBXFileReference; lastKnownFileType = file.storyboard; name = Base; path = Base.lproj/LaunchScreen.storyboard; sourceTree = "<group>"; };
		07CE273A21EE7D2B0039F921 /* Info.plist */ = {isa = PBXFileReference; lastKnownFileType = text.plist.xml; path = Info.plist; sourceTree = "<group>"; };
		07CE273F21EE7D2B0039F921 /* Emoji ArtTests.xctest */ = {isa = PBXFileReference; explicitFileType = wrapper.cfbundle; includeInIndex = 0; path = "Emoji ArtTests.xctest"; sourceTree = BUILT_PRODUCTS_DIR; };
		07CE274321EE7D2B0039F921 /* Emoji_ArtTests.swift */ = {isa = PBXFileReference; lastKnownFileType = sourcecode.swift; path = Emoji_ArtTests.swift; sourceTree = "<group>"; };
		07CE274521EE7D2B0039F921 /* Info.plist */ = {isa = PBXFileReference; lastKnownFileType = text.plist.xml; path = Info.plist; sourceTree = "<group>"; };
		07CE274A21EE7D2B0039F921 /* Emoji ArtUITests.xctest */ = {isa = PBXFileReference; explicitFileType = wrapper.cfbundle; includeInIndex = 0; path = "Emoji ArtUITests.xctest"; sourceTree = BUILT_PRODUCTS_DIR; };
		07CE274E21EE7D2B0039F921 /* Emoji_ArtUITests.swift */ = {isa = PBXFileReference; lastKnownFileType = sourcecode.swift; path = Emoji_ArtUITests.swift; sourceTree = "<group>"; };
		07CE275021EE7D2B0039F921 /* Info.plist */ = {isa = PBXFileReference; lastKnownFileType = text.plist.xml; path = Info.plist; sourceTree = "<group>"; };
/* End PBXFileReference section */

/* Begin PBXFrameworksBuildPhase section */
		07CE272821EE7D290039F921 /* Frameworks */ = {
			isa = PBXFrameworksBuildPhase;
			buildActionMask = 2147483647;
			files = (
			);
			runOnlyForDeploymentPostprocessing = 0;
		};
		07CE273C21EE7D2B0039F921 /* Frameworks */ = {
			isa = PBXFrameworksBuildPhase;
			buildActionMask = 2147483647;
			files = (
			);
			runOnlyForDeploymentPostprocessing = 0;
		};
		07CE274721EE7D2B0039F921 /* Frameworks */ = {
			isa = PBXFrameworksBuildPhase;
			buildActionMask = 2147483647;
			files = (
			);
			runOnlyForDeploymentPostprocessing = 0;
		};
/* End PBXFrameworksBuildPhase section */

/* Begin PBXGroup section */
		0731967021F1214B00FB22C4 /* Extensions */ = {
			isa = PBXGroup;
			children = (
				0731967121F1217300FB22C4 /* StringArrayExtensions.swift */,
			);
			path = Extensions;
			sourceTree = "<group>";
		};
		0742A3CF21EE7D8800E32634 /* Launch */ = {
			isa = PBXGroup;
			children = (
				07CE273721EE7D2B0039F921 /* LaunchScreen.storyboard */,
			);
			path = Launch;
			sourceTree = "<group>";
		};
		0742A3D021EE7DA400E32634 /* Main */ = {
			isa = PBXGroup;
			children = (
				0742A3D521EE7E8000E32634 /* Views */,
				0742A3D221EE7DC100E32634 /* Controllers */,
				0742A3D121EE7DB800E32634 /* Storyboards */,
			);
			path = Main;
			sourceTree = "<group>";
		};
		0742A3D121EE7DB800E32634 /* Storyboards */ = {
			isa = PBXGroup;
			children = (
				07CE273221EE7D290039F921 /* Main.storyboard */,
			);
			path = Storyboards;
			sourceTree = "<group>";
		};
		0742A3D221EE7DC100E32634 /* Controllers */ = {
			isa = PBXGroup;
			children = (
				0742A3D321EE7DE900E32634 /* EmojiArtViewController.swift */,
				0731966E21F11E7000FB22C4 /* EmojiArtTableViewController.swift */,
			);
			path = Controllers;
			sourceTree = "<group>";
		};
		0742A3D521EE7E8000E32634 /* Views */ = {
			isa = PBXGroup;
			children = (
				0742A3D621EE7E9D00E32634 /* EmojiArtView.swift */,
			);
			path = Views;
			sourceTree = "<group>";
		};
		0742A3D821EE826F00E32634 /* Common */ = {
			isa = PBXGroup;
			children = (
				0731967021F1214B00FB22C4 /* Extensions */,
				0742A3D921EE827C00E32634 /* Utils */,
			);
			path = Common;
			sourceTree = "<group>";
		};
		0742A3D921EE827C00E32634 /* Utils */ = {
			isa = PBXGroup;
			children = (
				0742A3DA21EE829200E32634 /* ImageFetcher.swift */,
			);
			path = Utils;
			sourceTree = "<group>";
		};
		07CE272221EE7D290039F921 = {
			isa = PBXGroup;
			children = (
				07CE272D21EE7D290039F921 /* Emoji Art */,
				07CE274221EE7D2B0039F921 /* Emoji ArtTests */,
				07CE274D21EE7D2B0039F921 /* Emoji ArtUITests */,
				07CE272C21EE7D290039F921 /* Products */,
			);
			sourceTree = "<group>";
		};
		07CE272C21EE7D290039F921 /* Products */ = {
			isa = PBXGroup;
			children = (
				07CE272B21EE7D290039F921 /* Emoji Art.app */,
				07CE273F21EE7D2B0039F921 /* Emoji ArtTests.xctest */,
				07CE274A21EE7D2B0039F921 /* Emoji ArtUITests.xctest */,
			);
			name = Products;
			sourceTree = "<group>";
		};
		07CE272D21EE7D290039F921 /* Emoji Art */ = {
			isa = PBXGroup;
			children = (
				0742A3D821EE826F00E32634 /* Common */,
				0742A3CF21EE7D8800E32634 /* Launch */,
				07CE272E21EE7D290039F921 /* AppDelegate.swift */,
				0742A3D021EE7DA400E32634 /* Main */,
				07CE273521EE7D2B0039F921 /* Assets.xcassets */,
				07CE273A21EE7D2B0039F921 /* Info.plist */,
			);
			path = "Emoji Art";
			sourceTree = "<group>";
		};
		07CE274221EE7D2B0039F921 /* Emoji ArtTests */ = {
			isa = PBXGroup;
			children = (
				07CE274321EE7D2B0039F921 /* Emoji_ArtTests.swift */,
				07CE274521EE7D2B0039F921 /* Info.plist */,
			);
			path = "Emoji ArtTests";
			sourceTree = "<group>";
		};
		07CE274D21EE7D2B0039F921 /* Emoji ArtUITests */ = {
			isa = PBXGroup;
			children = (
				07CE274E21EE7D2B0039F921 /* Emoji_ArtUITests.swift */,
				07CE275021EE7D2B0039F921 /* Info.plist */,
			);
			path = "Emoji ArtUITests";
			sourceTree = "<group>";
		};
/* End PBXGroup section */

/* Begin PBXNativeTarget section */
		07CE272A21EE7D290039F921 /* Emoji Art */ = {
			isa = PBXNativeTarget;
			buildConfigurationList = 07CE275321EE7D2B0039F921 /* Build configuration list for PBXNativeTarget "Emoji Art" */;
			buildPhases = (
				07CE272721EE7D290039F921 /* Sources */,
				07CE272821EE7D290039F921 /* Frameworks */,
				07CE272921EE7D290039F921 /* Resources */,
			);
			buildRules = (
			);
			dependencies = (
			);
			name = "Emoji Art";
			productName = "Emoji Art";
			productReference = 07CE272B21EE7D290039F921 /* Emoji Art.app */;
			productType = "com.apple.product-type.application";
		};
		07CE273E21EE7D2B0039F921 /* Emoji ArtTests */ = {
			isa = PBXNativeTarget;
			buildConfigurationList = 07CE275621EE7D2B0039F921 /* Build configuration list for PBXNativeTarget "Emoji ArtTests" */;
			buildPhases = (
				07CE273B21EE7D2B0039F921 /* Sources */,
				07CE273C21EE7D2B0039F921 /* Frameworks */,
				07CE273D21EE7D2B0039F921 /* Resources */,
			);
			buildRules = (
			);
			dependencies = (
				07CE274121EE7D2B0039F921 /* PBXTargetDependency */,
			);
			name = "Emoji ArtTests";
			productName = "Emoji ArtTests";
			productReference = 07CE273F21EE7D2B0039F921 /* Emoji ArtTests.xctest */;
			productType = "com.apple.product-type.bundle.unit-test";
		};
		07CE274921EE7D2B0039F921 /* Emoji ArtUITests */ = {
			isa = PBXNativeTarget;
			buildConfigurationList = 07CE275921EE7D2B0039F921 /* Build configuration list for PBXNativeTarget "Emoji ArtUITests" */;
			buildPhases = (
				07CE274621EE7D2B0039F921 /* Sources */,
				07CE274721EE7D2B0039F921 /* Frameworks */,
				07CE274821EE7D2B0039F921 /* Resources */,
			);
			buildRules = (
			);
			dependencies = (
				07CE274C21EE7D2B0039F921 /* PBXTargetDependency */,
			);
			name = "Emoji ArtUITests";
			productName = "Emoji ArtUITests";
			productReference = 07CE274A21EE7D2B0039F921 /* Emoji ArtUITests.xctest */;
			productType = "com.apple.product-type.bundle.ui-testing";
		};
/* End PBXNativeTarget section */

/* Begin PBXProject section */
		07CE272321EE7D290039F921 /* Project object */ = {
			isa = PBXProject;
			attributes = {
				LastSwiftUpdateCheck = 1010;
				LastUpgradeCheck = 1010;
				ORGANIZATIONNAME = "Jonathan Trowbridge";
				TargetAttributes = {
					07CE272A21EE7D290039F921 = {
						CreatedOnToolsVersion = 10.1;
					};
					07CE273E21EE7D2B0039F921 = {
						CreatedOnToolsVersion = 10.1;
						TestTargetID = 07CE272A21EE7D290039F921;
					};
					07CE274921EE7D2B0039F921 = {
						CreatedOnToolsVersion = 10.1;
						TestTargetID = 07CE272A21EE7D290039F921;
					};
				};
			};
			buildConfigurationList = 07CE272621EE7D290039F921 /* Build configuration list for PBXProject "Emoji Art" */;
			compatibilityVersion = "Xcode 9.3";
			developmentRegion = en;
			hasScannedForEncodings = 0;
			knownRegions = (
				en,
				Base,
			);
			mainGroup = 07CE272221EE7D290039F921;
			productRefGroup = 07CE272C21EE7D290039F921 /* Products */;
			projectDirPath = "";
			projectRoot = "";
			targets = (
				07CE272A21EE7D290039F921 /* Emoji Art */,
				07CE273E21EE7D2B0039F921 /* Emoji ArtTests */,
				07CE274921EE7D2B0039F921 /* Emoji ArtUITests */,
			);
		};
/* End PBXProject section */

/* Begin PBXResourcesBuildPhase section */
		07CE272921EE7D290039F921 /* Resources */ = {
			isa = PBXResourcesBuildPhase;
			buildActionMask = 2147483647;
			files = (
				07CE273921EE7D2B0039F921 /* LaunchScreen.storyboard in Resources */,
				07CE273621EE7D2B0039F921 /* Assets.xcassets in Resources */,
				07CE273421EE7D290039F921 /* Main.storyboard in Resources */,
			);
			runOnlyForDeploymentPostprocessing = 0;
		};
		07CE273D21EE7D2B0039F921 /* Resources */ = {
			isa = PBXResourcesBuildPhase;
			buildActionMask = 2147483647;
			files = (
			);
			runOnlyForDeploymentPostprocessing = 0;
		};
		07CE274821EE7D2B0039F921 /* Resources */ = {
			isa = PBXResourcesBuildPhase;
			buildActionMask = 2147483647;
			files = (
			);
			runOnlyForDeploymentPostprocessing = 0;
		};
/* End PBXResourcesBuildPhase section */

/* Begin PBXSourcesBuildPhase section */
		07CE272721EE7D290039F921 /* Sources */ = {
			isa = PBXSourcesBuildPhase;
			buildActionMask = 2147483647;
			files = (
				07CE272F21EE7D290039F921 /* AppDelegate.swift in Sources */,
				0731966F21F11E7000FB22C4 /* EmojiArtTableViewController.swift in Sources */,
				0731967221F1217300FB22C4 /* StringArrayExtensions.swift in Sources */,
				0742A3DB21EE829200E32634 /* ImageFetcher.swift in Sources */,
				0742A3D421EE7DE900E32634 /* EmojiArtViewController.swift in Sources */,
				0742A3D721EE7E9D00E32634 /* EmojiArtView.swift in Sources */,
			);
			runOnlyForDeploymentPostprocessing = 0;
		};
		07CE273B21EE7D2B0039F921 /* Sources */ = {
			isa = PBXSourcesBuildPhase;
			buildActionMask = 2147483647;
			files = (
				07CE274421EE7D2B0039F921 /* Emoji_ArtTests.swift in Sources */,
			);
			runOnlyForDeploymentPostprocessing = 0;
		};
		07CE274621EE7D2B0039F921 /* Sources */ = {
			isa = PBXSourcesBuildPhase;
			buildActionMask = 2147483647;
			files = (
				07CE274F21EE7D2B0039F921 /* Emoji_ArtUITests.swift in Sources */,
			);
			runOnlyForDeploymentPostprocessing = 0;
		};
/* End PBXSourcesBuildPhase section */

/* Begin PBXTargetDependency section */
		07CE274121EE7D2B0039F921 /* PBXTargetDependency */ = {
			isa = PBXTargetDependency;
			target = 07CE272A21EE7D290039F921 /* Emoji Art */;
			targetProxy = 07CE274021EE7D2B0039F921 /* PBXContainerItemProxy */;
		};
		07CE274C21EE7D2B0039F921 /* PBXTargetDependency */ = {
			isa = PBXTargetDependency;
			target = 07CE272A21EE7D290039F921 /* Emoji Art */;
			targetProxy = 07CE274B21EE7D2B0039F921 /* PBXContainerItemProxy */;
		};
/* End PBXTargetDependency section */

/* Begin PBXVariantGroup section */
		07CE273221EE7D290039F921 /* Main.storyboard */ = {
			isa = PBXVariantGroup;
			children = (
				07CE273321EE7D290039F921 /* Base */,
			);
			name = Main.storyboard;
			sourceTree = "<group>";
		};
		07CE273721EE7D2B0039F921 /* LaunchScreen.storyboard */ = {
			isa = PBXVariantGroup;
			children = (
				07CE273821EE7D2B0039F921 /* Base */,
			);
			name = LaunchScreen.storyboard;
			sourceTree = "<group>";
		};
/* End PBXVariantGroup section */

/* Begin XCBuildConfiguration section */
		07CE275121EE7D2B0039F921 /* Debug */ = {
			isa = XCBuildConfiguration;
			buildSettings = {
				ALWAYS_SEARCH_USER_PATHS = NO;
				CLANG_ANALYZER_NONNULL = YES;
				CLANG_ANALYZER_NUMBER_OBJECT_CONVERSION = YES_AGGRESSIVE;
				CLANG_CXX_LANGUAGE_STANDARD = "gnu++14";
				CLANG_CXX_LIBRARY = "libc++";
				CLANG_ENABLE_MODULES = YES;
				CLANG_ENABLE_OBJC_ARC = YES;
				CLANG_ENABLE_OBJC_WEAK = YES;
				CLANG_WARN_BLOCK_CAPTURE_AUTORELEASING = YES;
				CLANG_WARN_BOOL_CONVERSION = YES;
				CLANG_WARN_COMMA = YES;
				CLANG_WARN_CONSTANT_CONVERSION = YES;
				CLANG_WARN_DEPRECATED_OBJC_IMPLEMENTATIONS = YES;
				CLANG_WARN_DIRECT_OBJC_ISA_USAGE = YES_ERROR;
				CLANG_WARN_DOCUMENTATION_COMMENTS = YES;
				CLANG_WARN_EMPTY_BODY = YES;
				CLANG_WARN_ENUM_CONVERSION = YES;
				CLANG_WARN_INFINITE_RECURSION = YES;
				CLANG_WARN_INT_CONVERSION = YES;
				CLANG_WARN_NON_LITERAL_NULL_CONVERSION = YES;
				CLANG_WARN_OBJC_IMPLICIT_RETAIN_SELF = YES;
				CLANG_WARN_OBJC_LITERAL_CONVERSION = YES;
				CLANG_WARN_OBJC_ROOT_CLASS = YES_ERROR;
				CLANG_WARN_RANGE_LOOP_ANALYSIS = YES;
				CLANG_WARN_STRICT_PROTOTYPES = YES;
				CLANG_WARN_SUSPICIOUS_MOVE = YES;
				CLANG_WARN_UNGUARDED_AVAILABILITY = YES_AGGRESSIVE;
				CLANG_WARN_UNREACHABLE_CODE = YES;
				CLANG_WARN__DUPLICATE_METHOD_MATCH = YES;
				CODE_SIGN_IDENTITY = "iPhone Developer";
				COPY_PHASE_STRIP = NO;
				DEBUG_INFORMATION_FORMAT = dwarf;
				ENABLE_STRICT_OBJC_MSGSEND = YES;
				ENABLE_TESTABILITY = YES;
				GCC_C_LANGUAGE_STANDARD = gnu11;
				GCC_DYNAMIC_NO_PIC = NO;
				GCC_NO_COMMON_BLOCKS = YES;
				GCC_OPTIMIZATION_LEVEL = 0;
				GCC_PREPROCESSOR_DEFINITIONS = (
					"DEBUG=1",
					"$(inherited)",
				);
				GCC_WARN_64_TO_32_BIT_CONVERSION = YES;
				GCC_WARN_ABOUT_RETURN_TYPE = YES_ERROR;
				GCC_WARN_UNDECLARED_SELECTOR = YES;
				GCC_WARN_UNINITIALIZED_AUTOS = YES_AGGRESSIVE;
				GCC_WARN_UNUSED_FUNCTION = YES;
				GCC_WARN_UNUSED_VARIABLE = YES;
				IPHONEOS_DEPLOYMENT_TARGET = 12.1;
				MTL_ENABLE_DEBUG_INFO = INCLUDE_SOURCE;
				MTL_FAST_MATH = YES;
				ONLY_ACTIVE_ARCH = YES;
				SDKROOT = iphoneos;
				SWIFT_ACTIVE_COMPILATION_CONDITIONS = DEBUG;
				SWIFT_OPTIMIZATION_LEVEL = "-Onone";
			};
			name = Debug;
		};
		07CE275221EE7D2B0039F921 /* Release */ = {
			isa = XCBuildConfiguration;
			buildSettings = {
				ALWAYS_SEARCH_USER_PATHS = NO;
				CLANG_ANALYZER_NONNULL = YES;
				CLANG_ANALYZER_NUMBER_OBJECT_CONVERSION = YES_AGGRESSIVE;
				CLANG_CXX_LANGUAGE_STANDARD = "gnu++14";
				CLANG_CXX_LIBRARY = "libc++";
				CLANG_ENABLE_MODULES = YES;
				CLANG_ENABLE_OBJC_ARC = YES;
				CLANG_ENABLE_OBJC_WEAK = YES;
				CLANG_WARN_BLOCK_CAPTURE_AUTORELEASING = YES;
				CLANG_WARN_BOOL_CONVERSION = YES;
				CLANG_WARN_COMMA = YES;
				CLANG_WARN_CONSTANT_CONVERSION = YES;
				CLANG_WARN_DEPRECATED_OBJC_IMPLEMENTATIONS = YES;
				CLANG_WARN_DIRECT_OBJC_ISA_USAGE = YES_ERROR;
				CLANG_WARN_DOCUMENTATION_COMMENTS = YES;
				CLANG_WARN_EMPTY_BODY = YES;
				CLANG_WARN_ENUM_CONVERSION = YES;
				CLANG_WARN_INFINITE_RECURSION = YES;
				CLANG_WARN_INT_CONVERSION = YES;
				CLANG_WARN_NON_LITERAL_NULL_CONVERSION = YES;
				CLANG_WARN_OBJC_IMPLICIT_RETAIN_SELF = YES;
				CLANG_WARN_OBJC_LITERAL_CONVERSION = YES;
				CLANG_WARN_OBJC_ROOT_CLASS = YES_ERROR;
				CLANG_WARN_RANGE_LOOP_ANALYSIS = YES;
				CLANG_WARN_STRICT_PROTOTYPES = YES;
				CLANG_WARN_SUSPICIOUS_MOVE = YES;
				CLANG_WARN_UNGUARDED_AVAILABILITY = YES_AGGRESSIVE;
				CLANG_WARN_UNREACHABLE_CODE = YES;
				CLANG_WARN__DUPLICATE_METHOD_MATCH = YES;
				CODE_SIGN_IDENTITY = "iPhone Developer";
				COPY_PHASE_STRIP = NO;
				DEBUG_INFORMATION_FORMAT = "dwarf-with-dsym";
				ENABLE_NS_ASSERTIONS = NO;
				ENABLE_STRICT_OBJC_MSGSEND = YES;
				GCC_C_LANGUAGE_STANDARD = gnu11;
				GCC_NO_COMMON_BLOCKS = YES;
				GCC_WARN_64_TO_32_BIT_CONVERSION = YES;
				GCC_WARN_ABOUT_RETURN_TYPE = YES_ERROR;
				GCC_WARN_UNDECLARED_SELECTOR = YES;
				GCC_WARN_UNINITIALIZED_AUTOS = YES_AGGRESSIVE;
				GCC_WARN_UNUSED_FUNCTION = YES;
				GCC_WARN_UNUSED_VARIABLE = YES;
				IPHONEOS_DEPLOYMENT_TARGET = 12.1;
				MTL_ENABLE_DEBUG_INFO = NO;
				MTL_FAST_MATH = YES;
				SDKROOT = iphoneos;
				SWIFT_COMPILATION_MODE = wholemodule;
				SWIFT_OPTIMIZATION_LEVEL = "-O";
				VALIDATE_PRODUCT = YES;
			};
			name = Release;
		};
		07CE275421EE7D2B0039F921 /* Debug */ = {
			isa = XCBuildConfiguration;
			buildSettings = {
				ASSETCATALOG_COMPILER_APPICON_NAME = AppIcon;
				CODE_SIGN_STYLE = Automatic;
				INFOPLIST_FILE = "Emoji Art/Info.plist";
				LD_RUNPATH_SEARCH_PATHS = (
					"$(inherited)",
					"@executable_path/Frameworks",
				);
				PRODUCT_BUNDLE_IDENTIFIER = "com.masterwok.Emoji-Art";
				PRODUCT_NAME = "$(TARGET_NAME)";
				SWIFT_VERSION = 4.2;
				TARGETED_DEVICE_FAMILY = "1,2";
			};
			name = Debug;
		};
		07CE275521EE7D2B0039F921 /* Release */ = {
			isa = XCBuildConfiguration;
			buildSettings = {
				ASSETCATALOG_COMPILER_APPICON_NAME = AppIcon;
				CODE_SIGN_STYLE = Automatic;
				INFOPLIST_FILE = "Emoji Art/Info.plist";
				LD_RUNPATH_SEARCH_PATHS = (
					"$(inherited)",
					"@executable_path/Frameworks",
				);
				PRODUCT_BUNDLE_IDENTIFIER = "com.masterwok.Emoji-Art";
				PRODUCT_NAME = "$(TARGET_NAME)";
				SWIFT_VERSION = 4.2;
				TARGETED_DEVICE_FAMILY = "1,2";
			};
			name = Release;
		};
		07CE275721EE7D2B0039F921 /* Debug */ = {
			isa = XCBuildConfiguration;
			buildSettings = {
				ALWAYS_EMBED_SWIFT_STANDARD_LIBRARIES = YES;
				BUNDLE_LOADER = "$(TEST_HOST)";
				CODE_SIGN_STYLE = Automatic;
				INFOPLIST_FILE = "Emoji ArtTests/Info.plist";
				LD_RUNPATH_SEARCH_PATHS = (
					"$(inherited)",
					"@executable_path/Frameworks",
					"@loader_path/Frameworks",
				);
				PRODUCT_BUNDLE_IDENTIFIER = "com.masterwok.Emoji-ArtTests";
				PRODUCT_NAME = "$(TARGET_NAME)";
				SWIFT_VERSION = 4.2;
				TARGETED_DEVICE_FAMILY = "1,2";
				TEST_HOST = "$(BUILT_PRODUCTS_DIR)/Emoji Art.app/Emoji Art";
			};
			name = Debug;
		};
		07CE275821EE7D2B0039F921 /* Release */ = {
			isa = XCBuildConfiguration;
			buildSettings = {
				ALWAYS_EMBED_SWIFT_STANDARD_LIBRARIES = YES;
				BUNDLE_LOADER = "$(TEST_HOST)";
				CODE_SIGN_STYLE = Automatic;
				INFOPLIST_FILE = "Emoji ArtTests/Info.plist";
				LD_RUNPATH_SEARCH_PATHS = (
					"$(inherited)",
					"@executable_path/Frameworks",
					"@loader_path/Frameworks",
				);
				PRODUCT_BUNDLE_IDENTIFIER = "com.masterwok.Emoji-ArtTests";
				PRODUCT_NAME = "$(TARGET_NAME)";
				SWIFT_VERSION = 4.2;
				TARGETED_DEVICE_FAMILY = "1,2";
				TEST_HOST = "$(BUILT_PRODUCTS_DIR)/Emoji Art.app/Emoji Art";
			};
			name = Release;
		};
		07CE275A21EE7D2B0039F921 /* Debug */ = {
			isa = XCBuildConfiguration;
			buildSettings = {
				ALWAYS_EMBED_SWIFT_STANDARD_LIBRARIES = YES;
				CODE_SIGN_STYLE = Automatic;
				INFOPLIST_FILE = "Emoji ArtUITests/Info.plist";
				LD_RUNPATH_SEARCH_PATHS = (
					"$(inherited)",
					"@executable_path/Frameworks",
					"@loader_path/Frameworks",
				);
				PRODUCT_BUNDLE_IDENTIFIER = "com.masterwok.Emoji-ArtUITests";
				PRODUCT_NAME = "$(TARGET_NAME)";
				SWIFT_VERSION = 4.2;
				TARGETED_DEVICE_FAMILY = "1,2";
				TEST_TARGET_NAME = "Emoji Art";
			};
			name = Debug;
		};
		07CE275B21EE7D2B0039F921 /* Release */ = {
			isa = XCBuildConfiguration;
			buildSettings = {
				ALWAYS_EMBED_SWIFT_STANDARD_LIBRARIES = YES;
				CODE_SIGN_STYLE = Automatic;
				INFOPLIST_FILE = "Emoji ArtUITests/Info.plist";
				LD_RUNPATH_SEARCH_PATHS = (
					"$(inherited)",
					"@executable_path/Frameworks",
					"@loader_path/Frameworks",
				);
				PRODUCT_BUNDLE_IDENTIFIER = "com.masterwok.Emoji-ArtUITests";
				PRODUCT_NAME = "$(TARGET_NAME)";
				SWIFT_VERSION = 4.2;
				TARGETED_DEVICE_FAMILY = "1,2";
				TEST_TARGET_NAME = "Emoji Art";
			};
			name = Release;
		};
/* End XCBuildConfiguration section */

/* Begin XCConfigurationList section */
		07CE272621EE7D290039F921 /* Build configuration list for PBXProject "Emoji Art" */ = {
			isa = XCConfigurationList;
			buildConfigurations = (
				07CE275121EE7D2B0039F921 /* Debug */,
				07CE275221EE7D2B0039F921 /* Release */,
			);
			defaultConfigurationIsVisible = 0;
			defaultConfigurationName = Release;
		};
		07CE275321EE7D2B0039F921 /* Build configuration list for PBXNativeTarget "Emoji Art" */ = {
			isa = XCConfigurationList;
			buildConfigurations = (
				07CE275421EE7D2B0039F921 /* Debug */,
				07CE275521EE7D2B0039F921 /* Release */,
			);
			defaultConfigurationIsVisible = 0;
			defaultConfigurationName = Release;
		};
		07CE275621EE7D2B0039F921 /* Build configuration list for PBXNativeTarget "Emoji ArtTests" */ = {
			isa = XCConfigurationList;
			buildConfigurations = (
				07CE275721EE7D2B0039F921 /* Debug */,
				07CE275821EE7D2B0039F921 /* Release */,
			);
			defaultConfigurationIsVisible = 0;
			defaultConfigurationName = Release;
		};
		07CE275921EE7D2B0039F921 /* Build configuration list for PBXNativeTarget "Emoji ArtUITests" */ = {
			isa = XCConfigurationList;
			buildConfigurations = (
				07CE275A21EE7D2B0039F921 /* Debug */,
				07CE275B21EE7D2B0039F921 /* Release */,
			);
			defaultConfigurationIsVisible = 0;
			defaultConfigurationName = Release;
		};
/* End XCConfigurationList section */
	};
	rootObject = 07CE272321EE7D290039F921 /* Project object */;
}
